
Microsoft Visual Studio Solution File, Format Version 10.00
# Visual Studio 2008
Project("{FAE04EC0-301F-11D3-BF4B-00C04F79EFBC}") = "AccountManagement", "AccountManagement\AccountManagement.csproj", "{9E76F074-A35F-425F-A90D-53FAF4147BBE}"
EndProject
Project("{FAE04EC0-301F-11D3-BF4B-00C04F79EFBC}") = "Administration", "Administration\Administration.csproj", "{5D402836-2A1E-4006-BE75-1AC4207AA568}"
EndProject
Project("{FAE04EC0-301F-11D3-BF4B-00C04F79EFBC}") = "CashManagement", "CashManagement\CashManagement.csproj", "{75BA5103-478E-4D97-AEDE-9DA20EDCB4BE}"
EndProject
Project("{FAE04EC0-301F-11D3-BF4B-00C04F79EFBC}") = "i20022", "I20022\i20022.csproj", "{4819B092-6B62-4BA3-9373-C806115EC9F2}"
EndProject
Project("{FAE04EC0-301F-11D3-BF4B-00C04F79EFBC}") = "PaymentsClearingAndSettlement", "PaymentsClearingAndSettlement\PaymentsClearingAndSettlement.csproj", "{2CA386A4-A6DF-4018-9DF8-E81B9FE06FEC}"
EndProject
Project("{FAE04EC0-301F-11D3-BF4B-00C04F79EFBC}") = "PaymentsInitiation", "PaymentsInitiation\PaymentsInitiation.csproj", "{1E26E6C0-6939-4A5F-9538-AC2FC464E496}"
EndProject
Project("{FAE04EC0-301F-11D3-BF4B-00C04F79EFBC}") = "ReferenceData", "ReferenceData\ReferenceData.csproj", "{E09BCC78-2AF1-4F6B-9580-BA9BCFE7FBF0}"
EndProject
Project("{FAE04EC0-301F-11D3-BF4B-00C04F79EFBC}") = "SecuritiesEvents", "SecuritiesEvents\SecuritiesEvents.csproj", "{49B567DB-4C1F-41CD-8E6E-1F38B3F99DB2}"
EndProject
Project("{FAE04EC0-301F-11D3-BF4B-00C04F79EFBC}") = "SecuritiesManagement", "SecuritiesManagement\SecuritiesManagement.csproj", "{06F75CE0-377C-4234-8E5A-95834BF0552C}"
EndProject
Project("{FAE04EC0-301F-11D3-BF4B-00C04F79EFBC}") = "SecuritiesSettlement", "SecuritiesSettlement\SecuritiesSettlement.csproj", "{D4D8DA34-9EA6-4ADD-BE44-384F8917AD2B}"
EndProject
Project("{FAE04EC0-301F-11D3-BF4B-00C04F79EFBC}") = "SecuritiesTrade", "SecuritiesTrade\SecuritiesTrade.csproj", "{965CF383-9EC9-4B97-BD8B-B351DACEE8A8}"
EndProject
Project("{FAE04EC0-301F-11D3-BF4B-00C04F79EFBC}") = "TradeServicesInitiation", "TradeServicesInitiation\TradeServicesInitiation.csproj", "{C57B37D3-FA3B-44FB-B0B1-3DFA1EE7C20E}"
EndProject
Project("{FAE04EC0-301F-11D3-BF4B-00C04F79EFBC}") = "TradeServicesManagement", "TradeServicesManagement\TradeServicesManagement.csproj", "{48034ACF-8E6C-4BAA-954F-4DAEA78FEF79}"
EndProject
Project("{FAE04EC0-301F-11D3-BF4B-00C04F79EFBC}") = "Treasury", "Treasury\Treasury.csproj", "{ED1DFDEB-E101-40EB-804D-DA9592B321BA}"
EndProject
Project("{54435603-DBB4-11D2-8724-00A0C9A8B90C}") = "Setup", "Setup\Setup.vdproj", "{EB4C7F87-8251-49C5-809B-00AC5C61018C}"
EndProject
Global
	GlobalSection(SolutionConfigurationPlatforms) = preSolution
		Debug|Any CPU = Debug|Any CPU
		Release|Any CPU = Release|Any CPU
	EndGlobalSection
	GlobalSection(ProjectConfigurationPlatforms) = postSolution
		{9E76F074-A35F-425F-A90D-53FAF4147BBE}.Debug|Any CPU.ActiveCfg = Debug|Any CPU
		{9E76F074-A35F-425F-A90D-53FAF4147BBE}.Debug|Any CPU.Build.0 = Debug|Any CPU
		{9E76F074-A35F-425F-A90D-53FAF4147BBE}.Release|Any CPU.ActiveCfg = Release|Any CPU
		{9E76F074-A35F-425F-A90D-53FAF4147BBE}.Release|Any CPU.Build.0 = Release|Any CPU
		{5D402836-2A1E-4006-BE75-1AC4207AA568}.Debug|Any CPU.ActiveCfg = Debug|Any CPU
		{5D402836-2A1E-4006-BE75-1AC4207AA568}.Debug|Any CPU.Build.0 = Debug|Any CPU
		{5D402836-2A1E-4006-BE75-1AC4207AA568}.Release|Any CPU.ActiveCfg = Release|Any CPU
		{5D402836-2A1E-4006-BE75-1AC4207AA568}.Release|Any CPU.Build.0 = Release|Any CPU
		{75BA5103-478E-4D97-AEDE-9DA20EDCB4BE}.Debug|Any CPU.ActiveCfg = Debug|Any CPU
		{75BA5103-478E-4D97-AEDE-9DA20EDCB4BE}.Debug|Any CPU.Build.0 = Debug|Any CPU
		{75BA5103-478E-4D97-AEDE-9DA20EDCB4BE}.Release|Any CPU.ActiveCfg = Release|Any CPU
		{75BA5103-478E-4D97-AEDE-9DA20EDCB4BE}.Release|Any CPU.Build.0 = Release|Any CPU
		{4819B092-6B62-4BA3-9373-C806115EC9F2}.Debug|Any CPU.ActiveCfg = Debug|Any CPU
		{4819B092-6B62-4BA3-9373-C806115EC9F2}.Debug|Any CPU.Build.0 = Debug|Any CPU
		{4819B092-6B62-4BA3-9373-C806115EC9F2}.Release|Any CPU.ActiveCfg = Release|Any CPU
		{4819B092-6B62-4BA3-9373-C806115EC9F2}.Release|Any CPU.Build.0 = Release|Any CPU
		{2CA386A4-A6DF-4018-9DF8-E81B9FE06FEC}.Debug|Any CPU.ActiveCfg = Debug|Any CPU
		{2CA386A4-A6DF-4018-9DF8-E81B9FE06FEC}.Debug|Any CPU.Build.0 = Debug|Any CPU
		{2CA386A4-A6DF-4018-9DF8-E81B9FE06FEC}.Release|Any CPU.ActiveCfg = Release|Any CPU
		{2CA386A4-A6DF-4018-9DF8-E81B9FE06FEC}.Release|Any CPU.Build.0 = Release|Any CPU
		{1E26E6C0-6939-4A5F-9538-AC2FC464E496}.Debug|Any CPU.ActiveCfg = Debug|Any CPU
		{1E26E6C0-6939-4A5F-9538-AC2FC464E496}.Debug|Any CPU.Build.0 = Debug|Any CPU
		{1E26E6C0-6939-4A5F-9538-AC2FC464E496}.Release|Any CPU.ActiveCfg = Release|Any CPU
		{1E26E6C0-6939-4A5F-9538-AC2FC464E496}.Release|Any CPU.Build.0 = Release|Any CPU
		{E09BCC78-2AF1-4F6B-9580-BA9BCFE7FBF0}.Debug|Any CPU.ActiveCfg = Debug|Any CPU
		{E09BCC78-2AF1-4F6B-9580-BA9BCFE7FBF0}.Debug|Any CPU.Build.0 = Debug|Any CPU
		{E09BCC78-2AF1-4F6B-9580-BA9BCFE7FBF0}.Release|Any CPU.ActiveCfg = Release|Any CPU
		{E09BCC78-2AF1-4F6B-9580-BA9BCFE7FBF0}.Release|Any CPU.Build.0 = Release|Any CPU
		{49B567DB-4C1F-41CD-8E6E-1F38B3F99DB2}.Debug|Any CPU.ActiveCfg = Debug|Any CPU
		{49B567DB-4C1F-41CD-8E6E-1F38B3F99DB2}.Debug|Any CPU.Build.0 = Debug|Any CPU
		{49B567DB-4C1F-41CD-8E6E-1F38B3F99DB2}.Release|Any CPU.ActiveCfg = Release|Any CPU
		{49B567DB-4C1F-41CD-8E6E-1F38B3F99DB2}.Release|Any CPU.Build.0 = Release|Any CPU
		{06F75CE0-377C-4234-8E5A-95834BF0552C}.Debug|Any CPU.ActiveCfg = Debug|Any CPU
		{06F75CE0-377C-4234-8E5A-95834BF0552C}.Debug|Any CPU.Build.0 = Debug|Any CPU
		{06F75CE0-377C-4234-8E5A-95834BF0552C}.Release|Any CPU.ActiveCfg = Release|Any CPU
		{06F75CE0-377C-4234-8E5A-95834BF0552C}.Release|Any CPU.Build.0 = Release|Any CPU
		{D4D8DA34-9EA6-4ADD-BE44-384F8917AD2B}.Debug|Any CPU.ActiveCfg = Debug|Any CPU
		{D4D8DA34-9EA6-4ADD-BE44-384F8917AD2B}.Debug|Any CPU.Build.0 = Debug|Any CPU
		{D4D8DA34-9EA6-4ADD-BE44-384F8917AD2B}.Release|Any CPU.ActiveCfg = Release|Any CPU
		{D4D8DA34-9EA6-4ADD-BE44-384F8917AD2B}.Release|Any CPU.Build.0 = Release|Any CPU
		{965CF383-9EC9-4B97-BD8B-B351DACEE8A8}.Debug|Any CPU.ActiveCfg = Debug|Any CPU
		{965CF383-9EC9-4B97-BD8B-B351DACEE8A8}.Debug|Any CPU.Build.0 = Debug|Any CPU
		{965CF383-9EC9-4B97-BD8B-B351DACEE8A8}.Release|Any CPU.ActiveCfg = Release|Any CPU
		{965CF383-9EC9-4B97-BD8B-B351DACEE8A8}.Release|Any CPU.Build.0 = Release|Any CPU
		{C57B37D3-FA3B-44FB-B0B1-3DFA1EE7C20E}.Debug|Any CPU.ActiveCfg = Debug|Any CPU
		{C57B37D3-FA3B-44FB-B0B1-3DFA1EE7C20E}.Debug|Any CPU.Build.0 = Debug|Any CPU
		{C57B37D3-FA3B-44FB-B0B1-3DFA1EE7C20E}.Release|Any CPU.ActiveCfg = Release|Any CPU
		{C57B37D3-FA3B-44FB-B0B1-3DFA1EE7C20E}.Release|Any CPU.Build.0 = Release|Any CPU
		{48034ACF-8E6C-4BAA-954F-4DAEA78FEF79}.Debug|Any CPU.ActiveCfg = Debug|Any CPU
		{48034ACF-8E6C-4BAA-954F-4DAEA78FEF79}.Debug|Any CPU.Build.0 = Debug|Any CPU
		{48034ACF-8E6C-4BAA-954F-4DAEA78FEF79}.Release|Any CPU.ActiveCfg = Release|Any CPU
		{48034ACF-8E6C-4BAA-954F-4DAEA78FEF79}.Release|Any CPU.Build.0 = Release|Any CPU
		{ED1DFDEB-E101-40EB-804D-DA9592B321BA}.Debug|Any CPU.ActiveCfg = Debug|Any CPU
		{ED1DFDEB-E101-40EB-804D-DA9592B321BA}.Debug|Any CPU.Build.0 = Debug|Any CPU
		{ED1DFDEB-E101-40EB-804D-DA9592B321BA}.Release|Any CPU.ActiveCfg = Release|Any CPU
		{ED1DFDEB-E101-40EB-804D-DA9592B321BA}.Release|Any CPU.Build.0 = Release|Any CPU
		{EB4C7F87-8251-49C5-809B-00AC5C61018C}.Debug|Any CPU.ActiveCfg = Debug
		{EB4C7F87-8251-49C5-809B-00AC5C61018C}.Release|Any CPU.ActiveCfg = Release
	EndGlobalSection
	GlobalSection(SolutionProperties) = preSolution
		HideSolutionNode = FALSE
	EndGlobalSection
EndGlobal
